<?xml version="1.0" encoding="utf-8"?>
<Project ToolsVersion="17.0" xmlns="http://schemas.microsoft.com/developer/msbuild/2003">
  <ItemGroup>
    <ClCompile Include="E:\ProjectCocos2DX\TrainCocos2dx-master\Classes\AppDelegate.cpp">
      <Filter>Source Files\Classes</Filter>
    </ClCompile>
    <ClCompile Include="E:\ProjectCocos2DX\TrainCocos2dx-master\Classes\HelloWorldScene.cpp">
      <Filter>Source Files\Classes</Filter>
    </ClCompile>
    <ClCompile Include="E:\ProjectCocos2DX\TrainCocos2dx-master\proj.win32\main.cpp">
      <Filter>Source Files\proj.win32</Filter>
    </ClCompile>
  </ItemGroup>
  <ItemGroup>
    <ClInclude Include="E:\ProjectCocos2DX\TrainCocos2dx-master\Classes\AppDelegate.h">
      <Filter>Source Files\Classes</Filter>
    </ClInclude>
    <ClInclude Include="E:\ProjectCocos2DX\TrainCocos2dx-master\Classes\HelloWorldScene.h">
      <Filter>Source Files\Classes</Filter>
    </ClInclude>
    <ClInclude Include="E:\ProjectCocos2DX\TrainCocos2dx-master\proj.win32\main.h">
      <Filter>Source Files\proj.win32</Filter>
    </ClInclude>
    <ClInclude Include="E:\ProjectCocos2DX\TrainCocos2dx-master\proj.win32\resource.h">
      <Filter>Source Files\proj.win32</Filter>
    </ClInclude>
    <ClInclude Include="E:\ProjectCocos2DX\TrainCocos2dx-master\Resources\assets_game\UXUI\Background\DienBienPhuVictory.jpg">
      <Filter>Resources\assets_game\UXUI\Background</Filter>
    </ClInclude>
    <ClInclude Include="E:\ProjectCocos2DX\TrainCocos2dx-master\Resources\assets_game\UXUI\Background\background_ui.jpg">
      <Filter>Resources\assets_game\UXUI\Background</Filter>
    </ClInclude>
    <ClInclude Include="E:\ProjectCocos2DX\TrainCocos2dx-master\Resources\assets_game\UXUI\Buttons\Game_1.png">
      <Filter>Resources\assets_game\UXUI\Buttons</Filter>
    </ClInclude>
    <ClInclude Include="E:\ProjectCocos2DX\TrainCocos2dx-master\Resources\assets_game\UXUI\Buttons\Game_2.png">
      <Filter>Resources\assets_game\UXUI\Buttons</Filter>
    </ClInclude>
    <ClInclude Include="E:\ProjectCocos2DX\TrainCocos2dx-master\Resources\assets_game\UXUI\Buttons\Game_3.png">
      <Filter>Resources\assets_game\UXUI\Buttons</Filter>
    </ClInclude>
    <ClInclude Include="E:\ProjectCocos2DX\TrainCocos2dx-master\Resources\assets_game\UXUI\Buttons\Game_4.png">
      <Filter>Resources\assets_game\UXUI\Buttons</Filter>
    </ClInclude>
    <ClInclude Include="E:\ProjectCocos2DX\TrainCocos2dx-master\Resources\assets_game\UXUI\Collection\Scroll Bar\scroll_bar.png">
      <Filter>Resources\assets_game\UXUI\Collection\Scroll Bar</Filter>
    </ClInclude>
    <ClInclude Include="E:\ProjectCocos2DX\TrainCocos2dx-master\Resources\assets_game\UXUI\Collection\Scroll Bar\scroll_bot_arrow-HOVER.png">
      <Filter>Resources\assets_game\UXUI\Collection\Scroll Bar</Filter>
    </ClInclude>
    <ClInclude Include="E:\ProjectCocos2DX\TrainCocos2dx-master\Resources\assets_game\UXUI\Collection\Scroll Bar\scroll_bot_arrow.png">
      <Filter>Resources\assets_game\UXUI\Collection\Scroll Bar</Filter>
    </ClInclude>
    <ClInclude Include="E:\ProjectCocos2DX\TrainCocos2dx-master\Resources\assets_game\UXUI\Collection\Scroll Bar\scroll_handler-HOVER.png">
      <Filter>Resources\assets_game\UXUI\Collection\Scroll Bar</Filter>
    </ClInclude>
    <ClInclude Include="E:\ProjectCocos2DX\TrainCocos2dx-master\Resources\assets_game\UXUI\Collection\Scroll Bar\scroll_handler.png">
      <Filter>Resources\assets_game\UXUI\Collection\Scroll Bar</Filter>
    </ClInclude>
    <ClInclude Include="E:\ProjectCocos2DX\TrainCocos2dx-master\Resources\assets_game\UXUI\Collection\Scroll Bar\scroll_top_arrow-HOVER.png">
      <Filter>Resources\assets_game\UXUI\Collection\Scroll Bar</Filter>
    </ClInclude>
    <ClInclude Include="E:\ProjectCocos2DX\TrainCocos2dx-master\Resources\assets_game\UXUI\Collection\Scroll Bar\scroll_top_arrow.png">
      <Filter>Resources\assets_game\UXUI\Collection\Scroll Bar</Filter>
    </ClInclude>
    <ClInclude Include="E:\ProjectCocos2DX\TrainCocos2dx-master\Resources\assets_game\UXUI\Collection\c_full.png">
      <Filter>Resources\assets_game\UXUI\Collection</Filter>
    </ClInclude>
    <ClInclude Include="E:\ProjectCocos2DX\TrainCocos2dx-master\Resources\assets_game\UXUI\Collection\c_full_header.png">
      <Filter>Resources\assets_game\UXUI\Collection</Filter>
    </ClInclude>
    <ClInclude Include="E:\ProjectCocos2DX\TrainCocos2dx-master\Resources\assets_game\UXUI\Collection\c_header_close-HOVER.png">
      <Filter>Resources\assets_game\UXUI\Collection</Filter>
    </ClInclude>
    <ClInclude Include="E:\ProjectCocos2DX\TrainCocos2dx-master\Resources\assets_game\UXUI\Collection\c_header_close-PUSH.png">
      <Filter>Resources\assets_game\UXUI\Collection</Filter>
    </ClInclude>
    <ClInclude Include="E:\ProjectCocos2DX\TrainCocos2dx-master\Resources\assets_game\UXUI\Collection\c_header_close.png">
      <Filter>Resources\assets_game\UXUI\Collection</Filter>
    </ClInclude>
    <ClInclude Include="E:\ProjectCocos2DX\TrainCocos2dx-master\Resources\assets_game\UXUI\Collection\cc_char_info_button-HOVER.png">
      <Filter>Resources\assets_game\UXUI\Collection</Filter>
    </ClInclude>
    <ClInclude Include="E:\ProjectCocos2DX\TrainCocos2dx-master\Resources\assets_game\UXUI\Collection\cc_char_info_button-PUSH.png">
      <Filter>Resources\assets_game\UXUI\Collection</Filter>
    </ClInclude>
    <ClInclude Include="E:\ProjectCocos2DX\TrainCocos2dx-master\Resources\assets_game\UXUI\Collection\cw_rotate_button_right-HOVER.png">
      <Filter>Resources\assets_game\UXUI\Collection</Filter>
    </ClInclude>
    <ClInclude Include="E:\ProjectCocos2DX\TrainCocos2dx-master\Resources\assets_game\UXUI\Collection\cw_rotate_button_right-PUSH.png">
      <Filter>Resources\assets_game\UXUI\Collection</Filter>
    </ClInclude>
    <ClInclude Include="E:\ProjectCocos2DX\TrainCocos2dx-master\Resources\assets_game\UXUI\Collection\cw_rotate_button_right.png">
      <Filter>Resources\assets_game\UXUI\Collection</Filter>
    </ClInclude>
    <ClInclude Include="E:\ProjectCocos2DX\TrainCocos2dx-master\Resources\assets_game\UXUI\Collection\header_icon_star.png">
      <Filter>Resources\assets_game\UXUI\Collection</Filter>
    </ClInclude>
    <ClInclude Include="E:\ProjectCocos2DX\TrainCocos2dx-master\Resources\assets_game\UXUI\Collection\info.png">
      <Filter>Resources\assets_game\UXUI\Collection</Filter>
    </ClInclude>
    <ClInclude Include="E:\ProjectCocos2DX\TrainCocos2dx-master\Resources\assets_game\UXUI\Collection\select_dropdown_button-HOVER.png">
      <Filter>Resources\assets_game\UXUI\Collection</Filter>
    </ClInclude>
    <ClInclude Include="E:\ProjectCocos2DX\TrainCocos2dx-master\Resources\assets_game\UXUI\Collection\select_dropdown_button.png">
      <Filter>Resources\assets_game\UXUI\Collection</Filter>
    </ClInclude>
    <ClInclude Include="E:\ProjectCocos2DX\TrainCocos2dx-master\Resources\assets_game\UXUI\Loading\BossbarGame3.png">
      <Filter>Resources\assets_game\UXUI\Loading</Filter>
    </ClInclude>
    <ClInclude Include="E:\ProjectCocos2DX\TrainCocos2dx-master\Resources\assets_game\UXUI\Loading\BossbarGame3_Border.png">
      <Filter>Resources\assets_game\UXUI\Loading</Filter>
    </ClInclude>
    <ClInclude Include="E:\ProjectCocos2DX\TrainCocos2dx-master\Resources\assets_game\UXUI\Loading\City.png">
      <Filter>Resources\assets_game\UXUI\Loading</Filter>
    </ClInclude>
    <ClInclude Include="E:\ProjectCocos2DX\TrainCocos2dx-master\Resources\assets_game\UXUI\Loading\City_Black.png">
      <Filter>Resources\assets_game\UXUI\Loading</Filter>
    </ClInclude>
    <ClInclude Include="E:\ProjectCocos2DX\TrainCocos2dx-master\Resources\assets_game\UXUI\Loading\Load_Bar_Bg.png">
      <Filter>Resources\assets_game\UXUI\Loading</Filter>
    </ClInclude>
    <ClInclude Include="E:\ProjectCocos2DX\TrainCocos2dx-master\Resources\assets_game\UXUI\Loading\Load_Bar_Fg.png">
      <Filter>Resources\assets_game\UXUI\Loading</Filter>
    </ClInclude>
    <ClInclude Include="E:\ProjectCocos2DX\TrainCocos2dx-master\Resources\assets_game\UXUI\Loading\Loading_Bar_A.png">
      <Filter>Resources\assets_game\UXUI\Loading</Filter>
    </ClInclude>
    <ClInclude Include="E:\ProjectCocos2DX\TrainCocos2dx-master\Resources\assets_game\UXUI\Loading\Loading_Bar_Border.png">
      <Filter>Resources\assets_game\UXUI\Loading</Filter>
    </ClInclude>
    <ClInclude Include="E:\ProjectCocos2DX\TrainCocos2dx-master\Resources\assets_game\UXUI\Loading\health_bar_g3_border.png">
      <Filter>Resources\assets_game\UXUI\Loading</Filter>
    </ClInclude>
    <ClInclude Include="E:\ProjectCocos2DX\TrainCocos2dx-master\Resources\assets_game\UXUI\Loading\health_bar_g3_progress.png">
      <Filter>Resources\assets_game\UXUI\Loading</Filter>
    </ClInclude>
    <ClInclude Include="E:\ProjectCocos2DX\TrainCocos2dx-master\Resources\assets_game\UXUI\Main_Menu\pointer.png">
      <Filter>Resources\assets_game\UXUI\Main_Menu</Filter>
    </ClInclude>
    <ClInclude Include="E:\ProjectCocos2DX\TrainCocos2dx-master\Resources\assets_game\UXUI\Panel\Back_BTN.png">
      <Filter>Resources\assets_game\UXUI\Panel</Filter>
    </ClInclude>
    <ClInclude Include="E:\ProjectCocos2DX\TrainCocos2dx-master\Resources\assets_game\UXUI\Panel\Back_BTN_Active.png">
      <Filter>Resources\assets_game\UXUI\Panel</Filter>
    </ClInclude>
    <ClInclude Include="E:\ProjectCocos2DX\TrainCocos2dx-master\Resources\assets_game\UXUI\Panel\Board.png">
      <Filter>Resources\assets_game\UXUI\Panel</Filter>
    </ClInclude>
    <ClInclude Include="E:\ProjectCocos2DX\TrainCocos2dx-master\Resources\assets_game\UXUI\Panel\Close_BTN.png">
      <Filter>Resources\assets_game\UXUI\Panel</Filter>
    </ClInclude>
    <ClInclude Include="E:\ProjectCocos2DX\TrainCocos2dx-master\Resources\assets_game\UXUI\Panel\Exit_BTN.png">
      <Filter>Resources\assets_game\UXUI\Panel</Filter>
    </ClInclude>
    <ClInclude Include="E:\ProjectCocos2DX\TrainCocos2dx-master\Resources\assets_game\UXUI\Panel\Forward_BTN.png">
      <Filter>Resources\assets_game\UXUI\Panel</Filter>
    </ClInclude>
    <ClInclude Include="E:\ProjectCocos2DX\TrainCocos2dx-master\Resources\assets_game\UXUI\Panel\Forward_BTN_Active.png">
      <Filter>Resources\assets_game\UXUI\Panel</Filter>
    </ClInclude>
    <ClInclude Include="E:\ProjectCocos2DX\TrainCocos2dx-master\Resources\assets_game\UXUI\Panel\Music_BTN_Active.png">
      <Filter>Resources\assets_game\UXUI\Panel</Filter>
    </ClInclude>
    <ClInclude Include="E:\ProjectCocos2DX\TrainCocos2dx-master\Resources\assets_game\UXUI\Panel\Music_BTN_Disabled.png">
      <Filter>Resources\assets_game\UXUI\Panel</Filter>
    </ClInclude>
    <ClInclude Include="E:\ProjectCocos2DX\TrainCocos2dx-master\Resources\assets_game\UXUI\Panel\Play_BTN.png">
      <Filter>Resources\assets_game\UXUI\Panel</Filter>
    </ClInclude>
    <ClInclude Include="E:\ProjectCocos2DX\TrainCocos2dx-master\Resources\assets_game\UXUI\Panel\Play_BTN_Active.png">
      <Filter>Resources\assets_game\UXUI\Panel</Filter>
    </ClInclude>
    <ClInclude Include="E:\ProjectCocos2DX\TrainCocos2dx-master\Resources\assets_game\UXUI\Panel\Replay_BTN.png">
      <Filter>Resources\assets_game\UXUI\Panel</Filter>
    </ClInclude>
    <ClInclude Include="E:\ProjectCocos2DX\TrainCocos2dx-master\Resources\assets_game\UXUI\Panel\Replay_BTN_Active.png">
      <Filter>Resources\assets_game\UXUI\Panel</Filter>
    </ClInclude>
    <ClInclude Include="E:\ProjectCocos2DX\TrainCocos2dx-master\Resources\assets_game\UXUI\Panel\SliderNode_Disabled.png">
      <Filter>Resources\assets_game\UXUI\Panel</Filter>
    </ClInclude>
    <ClInclude Include="E:\ProjectCocos2DX\TrainCocos2dx-master\Resources\assets_game\UXUI\Panel\SliderNode_Normal.png">
      <Filter>Resources\assets_game\UXUI\Panel</Filter>
    </ClInclude>
    <ClInclude Include="E:\ProjectCocos2DX\TrainCocos2dx-master\Resources\assets_game\UXUI\Panel\SliderNode_Pressed.png">
      <Filter>Resources\assets_game\UXUI\Panel</Filter>
    </ClInclude>
    <ClInclude Include="E:\ProjectCocos2DX\TrainCocos2dx-master\Resources\assets_game\UXUI\Panel\Slider_Back.png">
      <Filter>Resources\assets_game\UXUI\Panel</Filter>
    </ClInclude>
    <ClInclude Include="E:\ProjectCocos2DX\TrainCocos2dx-master\Resources\assets_game\UXUI\Panel\Slider_PressBar.png">
      <Filter>Resources\assets_game\UXUI\Panel</Filter>
    </ClInclude>
    <ClInclude Include="E:\ProjectCocos2DX\TrainCocos2dx-master\Resources\assets_game\UXUI\Panel\SoundEffect_BTN_Active.png">
      <Filter>Resources\assets_game\UXUI\Panel</Filter>
    </ClInclude>
    <ClInclude Include="E:\ProjectCocos2DX\TrainCocos2dx-master\Resources\assets_game\UXUI\Panel\SoundEffect_BTN_Disabled.png">
      <Filter>Resources\assets_game\UXUI\Panel</Filter>
    </ClInclude>
    <ClInclude Include="E:\ProjectCocos2DX\TrainCocos2dx-master\Resources\assets_game\UXUI\Panel\Star_01.png">
      <Filter>Resources\assets_game\UXUI\Panel</Filter>
    </ClInclude>
    <ClInclude Include="E:\ProjectCocos2DX\TrainCocos2dx-master\Resources\assets_game\UXUI\Panel\Star_02.png">
      <Filter>Resources\assets_game\UXUI\Panel</Filter>
    </ClInclude>
    <ClInclude Include="E:\ProjectCocos2DX\TrainCocos2dx-master\Resources\assets_game\UXUI\Panel\Star_03.png">
      <Filter>Resources\assets_game\UXUI\Panel</Filter>
    </ClInclude>
    <ClInclude Include="E:\ProjectCocos2DX\TrainCocos2dx-master\Resources\assets_game\UXUI\Panel\Table_01.png">
      <Filter>Resources\assets_game\UXUI\Panel</Filter>
    </ClInclude>
    <ClInclude Include="E:\ProjectCocos2DX\TrainCocos2dx-master\Resources\assets_game\UXUI\Panel\Table_02.png">
      <Filter>Resources\assets_game\UXUI\Panel</Filter>
    </ClInclude>
    <ClInclude Include="E:\ProjectCocos2DX\TrainCocos2dx-master\Resources\assets_game\UXUI\Panel\Table_03.png">
      <Filter>Resources\assets_game\UXUI\Panel</Filter>
    </ClInclude>
    <ClInclude Include="E:\ProjectCocos2DX\TrainCocos2dx-master\Resources\assets_game\effects\Eye.png">
      <Filter>Resources\assets_game\effects</Filter>
    </ClInclude>
    <ClInclude Include="E:\ProjectCocos2DX\TrainCocos2dx-master\Resources\assets_game\effects\Reload.png">
      <Filter>Resources\assets_game\effects</Filter>
    </ClInclude>
    <ClInclude Include="E:\ProjectCocos2DX\TrainCocos2dx-master\Resources\assets_game\effects\explosion.plist">
      <Filter>Resources\assets_game\effects</Filter>
    </ClInclude>
    <ClInclude Include="E:\ProjectCocos2DX\TrainCocos2dx-master\Resources\assets_game\effects\explosion.png">
      <Filter>Resources\assets_game\effects</Filter>
    </ClInclude>
    <ClInclude Include="E:\ProjectCocos2DX\TrainCocos2dx-master\Resources\assets_game\effects\warning.png">
      <Filter>Resources\assets_game\effects</Filter>
    </ClInclude>
    <ClInclude Include="E:\ProjectCocos2DX\TrainCocos2dx-master\Resources\assets_game\enemies\Boom.png">
      <Filter>Resources\assets_game\enemies</Filter>
    </ClInclude>
    <ClInclude Include="E:\ProjectCocos2DX\TrainCocos2dx-master\Resources\assets_game\enemies\BulletPlane.png">
      <Filter>Resources\assets_game\enemies</Filter>
    </ClInclude>
    <ClInclude Include="E:\ProjectCocos2DX\TrainCocos2dx-master\Resources\assets_game\enemies\Bunker.png">
      <Filter>Resources\assets_game\enemies</Filter>
    </ClInclude>
    <ClInclude Include="E:\ProjectCocos2DX\TrainCocos2dx-master\Resources\assets_game\enemies\EnemyPlaneBoss.plist">
      <Filter>Resources\assets_game\enemies</Filter>
    </ClInclude>
    <ClInclude Include="E:\ProjectCocos2DX\TrainCocos2dx-master\Resources\assets_game\enemies\EnemyPlaneBoss.png">
      <Filter>Resources\assets_game\enemies</Filter>
    </ClInclude>
    <ClInclude Include="E:\ProjectCocos2DX\TrainCocos2dx-master\Resources\assets_game\enemies\EnemyPlaneBullet.plist">
      <Filter>Resources\assets_game\enemies</Filter>
    </ClInclude>
    <ClInclude Include="E:\ProjectCocos2DX\TrainCocos2dx-master\Resources\assets_game\enemies\EnemyPlaneBullet.png">
      <Filter>Resources\assets_game\enemies</Filter>
    </ClInclude>
    <ClInclude Include="E:\ProjectCocos2DX\TrainCocos2dx-master\Resources\assets_game\enemies\ExplosionLandmine.plist">
      <Filter>Resources\assets_game\enemies</Filter>
    </ClInclude>
    <ClInclude Include="E:\ProjectCocos2DX\TrainCocos2dx-master\Resources\assets_game\enemies\ExplosionLandmine.png">
      <Filter>Resources\assets_game\enemies</Filter>
    </ClInclude>
    <ClInclude Include="E:\ProjectCocos2DX\TrainCocos2dx-master\Resources\assets_game\enemies\FallingRock1.png">
      <Filter>Resources\assets_game\enemies</Filter>
    </ClInclude>
    <ClInclude Include="E:\ProjectCocos2DX\TrainCocos2dx-master\Resources\assets_game\enemies\FallingRock2.png">
      <Filter>Resources\assets_game\enemies</Filter>
    </ClInclude>
    <ClInclude Include="E:\ProjectCocos2DX\TrainCocos2dx-master\Resources\assets_game\enemies\FallingTree.plist">
      <Filter>Resources\assets_game\enemies</Filter>
    </ClInclude>
    <ClInclude Include="E:\ProjectCocos2DX\TrainCocos2dx-master\Resources\assets_game\enemies\FallingTree.png">
      <Filter>Resources\assets_game\enemies</Filter>
    </ClInclude>
    <ClInclude Include="E:\ProjectCocos2DX\TrainCocos2dx-master\Resources\assets_game\enemies\SuicideBomberEnemy.plist">
      <Filter>Resources\assets_game\enemies</Filter>
    </ClInclude>
    <ClInclude Include="E:\ProjectCocos2DX\TrainCocos2dx-master\Resources\assets_game\enemies\SuicideBomberEnemy.png">
      <Filter>Resources\assets_game\enemies</Filter>
    </ClInclude>
    <ClInclude Include="E:\ProjectCocos2DX\TrainCocos2dx-master\Resources\assets_game\enemies\WarningSignBulletPlane.png">
      <Filter>Resources\assets_game\enemies</Filter>
    </ClInclude>
    <ClInclude Include="E:\ProjectCocos2DX\TrainCocos2dx-master\Resources\assets_game\enemies\enemy_plane_boom.plist">
      <Filter>Resources\assets_game\enemies</Filter>
    </ClInclude>
    <ClInclude Include="E:\ProjectCocos2DX\TrainCocos2dx-master\Resources\assets_game\enemies\enemy_plane_boom.png">
      <Filter>Resources\assets_game\enemies</Filter>
    </ClInclude>
    <ClInclude Include="E:\ProjectCocos2DX\TrainCocos2dx-master\Resources\assets_game\enemies\flying_bullet.plist">
      <Filter>Resources\assets_game\enemies</Filter>
    </ClInclude>
    <ClInclude Include="E:\ProjectCocos2DX\TrainCocos2dx-master\Resources\assets_game\enemies\flying_bullet.png">
      <Filter>Resources\assets_game\enemies</Filter>
    </ClInclude>
    <ClInclude Include="E:\ProjectCocos2DX\TrainCocos2dx-master\Resources\assets_game\enemies\landmine.plist">
      <Filter>Resources\assets_game\enemies</Filter>
    </ClInclude>
    <ClInclude Include="E:\ProjectCocos2DX\TrainCocos2dx-master\Resources\assets_game\enemies\landmine.png">
      <Filter>Resources\assets_game\enemies</Filter>
    </ClInclude>
    <ClInclude Include="E:\ProjectCocos2DX\TrainCocos2dx-master\Resources\assets_game\enemies\pre_explosion.plist">
      <Filter>Resources\assets_game\enemies</Filter>
    </ClInclude>
    <ClInclude Include="E:\ProjectCocos2DX\TrainCocos2dx-master\Resources\assets_game\enemies\pre_explosion.png">
      <Filter>Resources\assets_game\enemies</Filter>
    </ClInclude>
    <ClInclude Include="E:\ProjectCocos2DX\TrainCocos2dx-master\Resources\assets_game\enemies\rocket.plist">
      <Filter>Resources\assets_game\enemies</Filter>
    </ClInclude>
    <ClInclude Include="E:\ProjectCocos2DX\TrainCocos2dx-master\Resources\assets_game\enemies\rocket.png">
      <Filter>Resources\assets_game\enemies</Filter>
    </ClInclude>
    <ClInclude Include="E:\ProjectCocos2DX\TrainCocos2dx-master\Resources\assets_game\enemies\warning_rocket.plist">
      <Filter>Resources\assets_game\enemies</Filter>
    </ClInclude>
    <ClInclude Include="E:\ProjectCocos2DX\TrainCocos2dx-master\Resources\assets_game\enemies\warning_rocket.png">
      <Filter>Resources\assets_game\enemies</Filter>
    </ClInclude>
    <ClInclude Include="E:\ProjectCocos2DX\TrainCocos2dx-master\Resources\assets_game\fx\explosions.plist">
      <Filter>Resources\assets_game\fx</Filter>
    </ClInclude>
    <ClInclude Include="E:\ProjectCocos2DX\TrainCocos2dx-master\Resources\assets_game\fx\explosions.png">
      <Filter>Resources\assets_game\fx</Filter>
    </ClInclude>
    <ClInclude Include="E:\ProjectCocos2DX\TrainCocos2dx-master\Resources\assets_game\fx\explosions_effect.plist">
      <Filter>Resources\assets_game\fx</Filter>
    </ClInclude>
    <ClInclude Include="E:\ProjectCocos2DX\TrainCocos2dx-master\Resources\assets_game\fx\explosions_effect.png">
      <Filter>Resources\assets_game\fx</Filter>
    </ClInclude>
    <ClInclude Include="E:\ProjectCocos2DX\TrainCocos2dx-master\Resources\assets_game\gameplay\BG_loop_new.png">
      <Filter>Resources\assets_game\gameplay</Filter>
    </ClInclude>
    <ClInclude Include="E:\ProjectCocos2DX\TrainCocos2dx-master\Resources\assets_game\gameplay\Game3Background.png">
      <Filter>Resources\assets_game\gameplay</Filter>
    </ClInclude>
    <ClInclude Include="E:\ProjectCocos2DX\TrainCocos2dx-master\Resources\assets_game\gameplay\background_light_layer.png">
      <Filter>Resources\assets_game\gameplay</Filter>
    </ClInclude>
    <ClInclude Include="E:\ProjectCocos2DX\TrainCocos2dx-master\Resources\assets_game\gameplay\game2\bg_game_2.png">
      <Filter>Resources\assets_game\gameplay\game2</Filter>
    </ClInclude>
    <ClInclude Include="E:\ProjectCocos2DX\TrainCocos2dx-master\Resources\assets_game\gameplay\game2\explosion.plist">
      <Filter>Resources\assets_game\gameplay\game2</Filter>
    </ClInclude>
    <ClInclude Include="E:\ProjectCocos2DX\TrainCocos2dx-master\Resources\assets_game\gameplay\game2\explosion.png">
      <Filter>Resources\assets_game\gameplay\game2</Filter>
    </ClInclude>
    <ClInclude Include="E:\ProjectCocos2DX\TrainCocos2dx-master\Resources\assets_game\items\Ammo.plist">
      <Filter>Resources\assets_game\items</Filter>
    </ClInclude>
    <ClInclude Include="E:\ProjectCocos2DX\TrainCocos2dx-master\Resources\assets_game\items\Ammo.png">
      <Filter>Resources\assets_game\items</Filter>
    </ClInclude>
    <ClInclude Include="E:\ProjectCocos2DX\TrainCocos2dx-master\Resources\assets_game\items\Health.plist">
      <Filter>Resources\assets_game\items</Filter>
    </ClInclude>
    <ClInclude Include="E:\ProjectCocos2DX\TrainCocos2dx-master\Resources\assets_game\items\Health.png">
      <Filter>Resources\assets_game\items</Filter>
    </ClInclude>
    <ClInclude Include="E:\ProjectCocos2DX\TrainCocos2dx-master\Resources\assets_game\items\HealthRecoveryItem.png">
      <Filter>Resources\assets_game\items</Filter>
    </ClInclude>
    <ClInclude Include="E:\ProjectCocos2DX\TrainCocos2dx-master\Resources\assets_game\items\IncreaseBulletCountItem.png">
      <Filter>Resources\assets_game\items</Filter>
    </ClInclude>
    <ClInclude Include="E:\ProjectCocos2DX\TrainCocos2dx-master\Resources\assets_game\items\UpgradeBulletItem.png">
      <Filter>Resources\assets_game\items</Filter>
    </ClInclude>
    <ClInclude Include="E:\ProjectCocos2DX\TrainCocos2dx-master\Resources\assets_game\items\grenade.png">
      <Filter>Resources\assets_game\items</Filter>
    </ClInclude>
    <ClInclude Include="E:\ProjectCocos2DX\TrainCocos2dx-master\Resources\assets_game\items\hop_dan.png">
      <Filter>Resources\assets_game\items</Filter>
    </ClInclude>
    <ClInclude Include="E:\ProjectCocos2DX\TrainCocos2dx-master\Resources\assets_game\items\hop_dan2.png">
      <Filter>Resources\assets_game\items</Filter>
    </ClInclude>
    <ClInclude Include="E:\ProjectCocos2DX\TrainCocos2dx-master\Resources\assets_game\items\medkit.png">
      <Filter>Resources\assets_game\items</Filter>
    </ClInclude>
    <ClInclude Include="E:\ProjectCocos2DX\TrainCocos2dx-master\Resources\assets_game\items\non_coi.png">
      <Filter>Resources\assets_game\items</Filter>
    </ClInclude>
    <ClInclude Include="E:\ProjectCocos2DX\TrainCocos2dx-master\Resources\assets_game\player\BulletPlayer3Game.plist">
      <Filter>Resources\assets_game\player</Filter>
    </ClInclude>
    <ClInclude Include="E:\ProjectCocos2DX\TrainCocos2dx-master\Resources\assets_game\player\BulletPlayer3Game.png">
      <Filter>Resources\assets_game\player</Filter>
    </ClInclude>
    <ClInclude Include="E:\ProjectCocos2DX\TrainCocos2dx-master\Resources\assets_game\player\CannonGame2_.plist">
      <Filter>Resources\assets_game\player</Filter>
    </ClInclude>
    <ClInclude Include="E:\ProjectCocos2DX\TrainCocos2dx-master\Resources\assets_game\player\CannonGame2_.png">
      <Filter>Resources\assets_game\player</Filter>
    </ClInclude>
    <ClInclude Include="E:\ProjectCocos2DX\TrainCocos2dx-master\Resources\assets_game\player\Canon.plist">
      <Filter>Resources\assets_game\player</Filter>
    </ClInclude>
    <ClInclude Include="E:\ProjectCocos2DX\TrainCocos2dx-master\Resources\assets_game\player\Canon.png">
      <Filter>Resources\assets_game\player</Filter>
    </ClInclude>
    <ClInclude Include="E:\ProjectCocos2DX\TrainCocos2dx-master\Resources\assets_game\player\HP_Dot.png">
      <Filter>Resources\assets_game\player</Filter>
    </ClInclude>
    <ClInclude Include="E:\ProjectCocos2DX\TrainCocos2dx-master\Resources\assets_game\player\HP_Dot_BG.png">
      <Filter>Resources\assets_game\player</Filter>
    </ClInclude>
    <ClInclude Include="E:\ProjectCocos2DX\TrainCocos2dx-master\Resources\assets_game\player\LandCannon.PNG">
      <Filter>Resources\assets_game\player</Filter>
    </ClInclude>
    <ClInclude Include="E:\ProjectCocos2DX\TrainCocos2dx-master\Resources\assets_game\player\PlayerGame2Body.plist">
      <Filter>Resources\assets_game\player</Filter>
    </ClInclude>
    <ClInclude Include="E:\ProjectCocos2DX\TrainCocos2dx-master\Resources\assets_game\player\PlayerGame2Body.png">
      <Filter>Resources\assets_game\player</Filter>
    </ClInclude>
    <ClInclude Include="E:\ProjectCocos2DX\TrainCocos2dx-master\Resources\assets_game\player\PlayerGame2Hands.plist">
      <Filter>Resources\assets_game\player</Filter>
    </ClInclude>
    <ClInclude Include="E:\ProjectCocos2DX\TrainCocos2dx-master\Resources\assets_game\player\PlayerGame2Hands.png">
      <Filter>Resources\assets_game\player</Filter>
    </ClInclude>
    <ClInclude Include="E:\ProjectCocos2DX\TrainCocos2dx-master\Resources\assets_game\player\Shot.png">
      <Filter>Resources\assets_game\player</Filter>
    </ClInclude>
    <ClInclude Include="E:\ProjectCocos2DX\TrainCocos2dx-master\Resources\assets_game\player\ball.png">
      <Filter>Resources\assets_game\player</Filter>
    </ClInclude>
    <ClInclude Include="E:\ProjectCocos2DX\TrainCocos2dx-master\Resources\assets_game\player\bullseye_white.png">
      <Filter>Resources\assets_game\player</Filter>
    </ClInclude>
    <ClInclude Include="E:\ProjectCocos2DX\TrainCocos2dx-master\Resources\assets_game\player\grenade.png">
      <Filter>Resources\assets_game\player</Filter>
    </ClInclude>
    <ClInclude Include="E:\ProjectCocos2DX\TrainCocos2dx-master\Resources\assets_game\player\shield.plist">
      <Filter>Resources\assets_game\player</Filter>
    </ClInclude>
    <ClInclude Include="E:\ProjectCocos2DX\TrainCocos2dx-master\Resources\assets_game\player\shield.png">
      <Filter>Resources\assets_game\player</Filter>
    </ClInclude>
    <ClInclude Include="E:\ProjectCocos2DX\TrainCocos2dx-master\Resources\assets_game\player\tank.plist">
      <Filter>Resources\assets_game\player</Filter>
    </ClInclude>
    <ClInclude Include="E:\ProjectCocos2DX\TrainCocos2dx-master\Resources\assets_game\player\tank.png">
      <Filter>Resources\assets_game\player</Filter>
    </ClInclude>
    <ClInclude Include="E:\ProjectCocos2DX\TrainCocos2dx-master\Resources\assets_game\player\tank_barrel_2.png">
      <Filter>Resources\assets_game\player</Filter>
    </ClInclude>
    <ClInclude Include="E:\ProjectCocos2DX\TrainCocos2dx-master\Resources\assets_game\sounds\Game1\bg_music_game1.mp3">
      <Filter>Resources\assets_game\sounds\Game1</Filter>
    </ClInclude>
    <ClInclude Include="E:\ProjectCocos2DX\TrainCocos2dx-master\Resources\assets_game\sounds\Game2\achievement.mp3">
      <Filter>Resources\assets_game\sounds\Game2</Filter>
    </ClInclude>
    <ClInclude Include="E:\ProjectCocos2DX\TrainCocos2dx-master\Resources\assets_game\sounds\Game2\explosion-sound.mp3">
      <Filter>Resources\assets_game\sounds\Game2</Filter>
    </ClInclude>
    <ClInclude Include="E:\ProjectCocos2DX\TrainCocos2dx-master\Resources\assets_game\sounds\Game2\hurt.mp3">
      <Filter>Resources\assets_game\sounds\Game2</Filter>
    </ClInclude>
    <ClInclude Include="E:\ProjectCocos2DX\TrainCocos2dx-master\Resources\assets_game\sounds\Game2\item-pickup.mp3">
      <Filter>Resources\assets_game\sounds\Game2</Filter>
    </ClInclude>
    <ClInclude Include="E:\ProjectCocos2DX\TrainCocos2dx-master\Resources\assets_game\sounds\Game2\nembom.mp3">
      <Filter>Resources\assets_game\sounds\Game2</Filter>
    </ClInclude>
    <ClInclude Include="E:\ProjectCocos2DX\TrainCocos2dx-master\Resources\assets_game\sounds\Game2\reload.mp3">
      <Filter>Resources\assets_game\sounds\Game2</Filter>
    </ClInclude>
    <ClInclude Include="E:\ProjectCocos2DX\TrainCocos2dx-master\Resources\assets_game\sounds\Game2\shot.mp3">
      <Filter>Resources\assets_game\sounds\Game2</Filter>
    </ClInclude>
    <ClInclude Include="E:\ProjectCocos2DX\TrainCocos2dx-master\Resources\assets_game\sounds\Game3\Music\BossGame3Phase1.mp3">
      <Filter>Resources\assets_game\sounds\Game3\Music</Filter>
    </ClInclude>
    <ClInclude Include="E:\ProjectCocos2DX\TrainCocos2dx-master\Resources\assets_game\sounds\Game3\Music\BossGame3Phase2.mp3">
      <Filter>Resources\assets_game\sounds\Game3\Music</Filter>
    </ClInclude>
    <ClInclude Include="E:\ProjectCocos2DX\TrainCocos2dx-master\Resources\assets_game\sounds\Game3\Music\EnemyGame3Phase1.mp3">
      <Filter>Resources\assets_game\sounds\Game3\Music</Filter>
    </ClInclude>
    <ClInclude Include="E:\ProjectCocos2DX\TrainCocos2dx-master\Resources\assets_game\sounds\Game3\Music\EnemyGame3Phase2.mp3">
      <Filter>Resources\assets_game\sounds\Game3\Music</Filter>
    </ClInclude>
    <ClInclude Include="E:\ProjectCocos2DX\TrainCocos2dx-master\Resources\assets_game\sounds\Game3\SFX\BossHealthSFX.mp3">
      <Filter>Resources\assets_game\sounds\Game3\SFX</Filter>
    </ClInclude>
    <ClInclude Include="E:\ProjectCocos2DX\TrainCocos2dx-master\Resources\assets_game\sounds\Game3\SFX\CityDamagedSFX.mp3">
      <Filter>Resources\assets_game\sounds\Game3\SFX</Filter>
    </ClInclude>
    <ClInclude Include="E:\ProjectCocos2DX\TrainCocos2dx-master\Resources\assets_game\sounds\Game3\SFX\EnemyCrepExplodeSFX.mp3">
      <Filter>Resources\assets_game\sounds\Game3\SFX</Filter>
    </ClInclude>
    <ClInclude Include="E:\ProjectCocos2DX\TrainCocos2dx-master\Resources\assets_game\sounds\Game3\SFX\PlayerShootSFX.mp3">
      <Filter>Resources\assets_game\sounds\Game3\SFX</Filter>
    </ClInclude>
    <ClInclude Include="E:\ProjectCocos2DX\TrainCocos2dx-master\Resources\assets_game\sounds\Game3\SFX\out_of_ammo.mp3">
      <Filter>Resources\assets_game\sounds\Game3\SFX</Filter>
    </ClInclude>
    <ClInclude Include="E:\ProjectCocos2DX\TrainCocos2dx-master\Resources\assets_game\sounds\UI\ButtonClickSFX.mp3">
      <Filter>Resources\assets_game\sounds\UI</Filter>
    </ClInclude>
    <ClInclude Include="E:\ProjectCocos2DX\TrainCocos2dx-master\Resources\assets_game\sounds\UI\ClickStartGameSFX.mp3">
      <Filter>Resources\assets_game\sounds\UI</Filter>
    </ClInclude>
    <ClInclude Include="E:\ProjectCocos2DX\TrainCocos2dx-master\Resources\assets_game\sounds\UI\MainMenuBGMusic.mp3">
      <Filter>Resources\assets_game\sounds\UI</Filter>
    </ClInclude>
    <ClInclude Include="E:\ProjectCocos2DX\TrainCocos2dx-master\Resources\assets_game\sounds\UI\OpenPanel.mp3">
      <Filter>Resources\assets_game\sounds\UI</Filter>
    </ClInclude>
    <ClInclude Include="E:\ProjectCocos2DX\TrainCocos2dx-master\Resources\assets_game\sounds\UI\ban_tin_chien_thang.mp3">
      <Filter>Resources\assets_game\sounds\UI</Filter>
    </ClInclude>
    <ClInclude Include="E:\ProjectCocos2DX\TrainCocos2dx-master\Resources\assets_game\sounds\UI\quoc_ca.mp3">
      <Filter>Resources\assets_game\sounds\UI</Filter>
    </ClInclude>
    <ClInclude Include="E:\ProjectCocos2DX\TrainCocos2dx-master\Resources\assets_game\textures\Cursor\Cursor.png">
      <Filter>Resources\assets_game\textures\Cursor</Filter>
    </ClInclude>
    <ClInclude Include="E:\ProjectCocos2DX\TrainCocos2dx-master\Resources\fonts\AmericanCaptainPatrius02Fre-PvPd.ttf">
      <Filter>Resources\fonts</Filter>
    </ClInclude>
    <ClInclude Include="E:\ProjectCocos2DX\TrainCocos2dx-master\Resources\fonts\Longevity-X30aP.ttf">
      <Filter>Resources\fonts</Filter>
    </ClInclude>
    <ClInclude Include="E:\ProjectCocos2DX\TrainCocos2dx-master\Resources\fonts\LostType2023-Regular.otf">
      <Filter>Resources\fonts</Filter>
    </ClInclude>
    <ClInclude Include="E:\ProjectCocos2DX\TrainCocos2dx-master\Resources\fonts\Marker Felt.ttf">
      <Filter>Resources\fonts</Filter>
    </ClInclude>
    <ClInclude Include="E:\ProjectCocos2DX\TrainCocos2dx-master\Resources\fonts\Patriot-Black.otf">
      <Filter>Resources\fonts</Filter>
    </ClInclude>
    <ClInclude Include="E:\ProjectCocos2DX\TrainCocos2dx-master\Resources\fonts\arial.ttf">
      <Filter>Resources\fonts</Filter>
    </ClInclude>
    <ClInclude Include="E:\ProjectCocos2DX\TrainCocos2dx-master\Resources\json\credits_endGame.json">
      <Filter>Resources\json</Filter>
    </ClInclude>
    <ClInclude Include="E:\ProjectCocos2DX\TrainCocos2dx-master\Resources\json\items.json">
      <Filter>Resources\json</Filter>
    </ClInclude>
    <ClInclude Include="E:\ProjectCocos2DX\TrainCocos2dx-master\Resources\json\spawn_boss_game3.json">
      <Filter>Resources\json</Filter>
    </ClInclude>
    <ClInclude Include="E:\ProjectCocos2DX\TrainCocos2dx-master\Resources\json\spawn_boss_phase2_game3.json">
      <Filter>Resources\json</Filter>
    </ClInclude>
    <ClInclude Include="E:\ProjectCocos2DX\TrainCocos2dx-master\Resources\json\spawn_enemiesBoom_game3.json">
      <Filter>Resources\json</Filter>
    </ClInclude>
    <ClInclude Include="E:\ProjectCocos2DX\TrainCocos2dx-master\Resources\json\spawn_enemiesBoom_phase2_game3.json">
      <Filter>Resources\json</Filter>
    </ClInclude>
    <ClInclude Include="E:\ProjectCocos2DX\TrainCocos2dx-master\Resources\json\spawn_enemiesBullet_game3.json">
      <Filter>Resources\json</Filter>
    </ClInclude>
    <ClInclude Include="E:\ProjectCocos2DX\TrainCocos2dx-master\Resources\json\spawn_enemiesBullet_phase2_game3.json">
      <Filter>Resources\json</Filter>
    </ClInclude>
    <ClInclude Include="E:\ProjectCocos2DX\TrainCocos2dx-master\Resources\physicsBody\BombForEnemyPlane.plist">
      <Filter>Resources\physicsBody</Filter>
    </ClInclude>
    <ClInclude Include="E:\ProjectCocos2DX\TrainCocos2dx-master\Resources\physicsBody\BulletPlayer3Game.plist">
      <Filter>Resources\physicsBody</Filter>
    </ClInclude>
    <ClInclude Include="E:\ProjectCocos2DX\TrainCocos2dx-master\Resources\physicsBody\BunkerGame2.plist">
      <Filter>Resources\physicsBody</Filter>
    </ClInclude>
    <ClInclude Include="E:\ProjectCocos2DX\TrainCocos2dx-master\Resources\physicsBody\EnemyFanBullet.plist">
      <Filter>Resources\physicsBody</Filter>
    </ClInclude>
    <ClInclude Include="E:\ProjectCocos2DX\TrainCocos2dx-master\Resources\physicsBody\EnemyPlaneBoss.plist">
      <Filter>Resources\physicsBody</Filter>
    </ClInclude>
    <ClInclude Include="E:\ProjectCocos2DX\TrainCocos2dx-master\Resources\physicsBody\EnemyPlaneBullet.plist">
      <Filter>Resources\physicsBody</Filter>
    </ClInclude>
    <ClInclude Include="E:\ProjectCocos2DX\TrainCocos2dx-master\Resources\physicsBody\ExplosionLandmine.plist">
      <Filter>Resources\physicsBody</Filter>
    </ClInclude>
    <ClInclude Include="E:\ProjectCocos2DX\TrainCocos2dx-master\Resources\physicsBody\FallingRock.plist">
      <Filter>Resources\physicsBody</Filter>
    </ClInclude>
    <ClInclude Include="E:\ProjectCocos2DX\TrainCocos2dx-master\Resources\physicsBody\FallingRock1.plist">
      <Filter>Resources\physicsBody</Filter>
    </ClInclude>
    <ClInclude Include="E:\ProjectCocos2DX\TrainCocos2dx-master\Resources\physicsBody\FallingRock2.plist">
      <Filter>Resources\physicsBody</Filter>
    </ClInclude>
    <ClInclude Include="E:\ProjectCocos2DX\TrainCocos2dx-master\Resources\physicsBody\FallingTree.plist">
      <Filter>Resources\physicsBody</Filter>
    </ClInclude>
    <ClInclude Include="E:\ProjectCocos2DX\TrainCocos2dx-master\Resources\physicsBody\HealthRecoveryItem.plist">
      <Filter>Resources\physicsBody</Filter>
    </ClInclude>
    <ClInclude Include="E:\ProjectCocos2DX\TrainCocos2dx-master\Resources\physicsBody\IncreaseBulletCountItem.plist">
      <Filter>Resources\physicsBody</Filter>
    </ClInclude>
    <ClInclude Include="E:\ProjectCocos2DX\TrainCocos2dx-master\Resources\physicsBody\ItemAmmo.plist">
      <Filter>Resources\physicsBody</Filter>
    </ClInclude>
    <ClInclude Include="E:\ProjectCocos2DX\TrainCocos2dx-master\Resources\physicsBody\ItemHat.plist">
      <Filter>Resources\physicsBody</Filter>
    </ClInclude>
    <ClInclude Include="E:\ProjectCocos2DX\TrainCocos2dx-master\Resources\physicsBody\ItemHealth.plist">
      <Filter>Resources\physicsBody</Filter>
    </ClInclude>
    <ClInclude Include="E:\ProjectCocos2DX\TrainCocos2dx-master\Resources\physicsBody\Landmine.plist">
      <Filter>Resources\physicsBody</Filter>
    </ClInclude>
    <ClInclude Include="E:\ProjectCocos2DX\TrainCocos2dx-master\Resources\physicsBody\MissileForEnemyPlane.plist">
      <Filter>Resources\physicsBody</Filter>
    </ClInclude>
    <ClInclude Include="E:\ProjectCocos2DX\TrainCocos2dx-master\Resources\physicsBody\Petard.plist">
      <Filter>Resources\physicsBody</Filter>
    </ClInclude>
    <ClInclude Include="E:\ProjectCocos2DX\TrainCocos2dx-master\Resources\physicsBody\PlayerGame1.plist">
      <Filter>Resources\physicsBody</Filter>
    </ClInclude>
    <ClInclude Include="E:\ProjectCocos2DX\TrainCocos2dx-master\Resources\physicsBody\PlayerGame2.plist">
      <Filter>Resources\physicsBody</Filter>
    </ClInclude>
    <ClInclude Include="E:\ProjectCocos2DX\TrainCocos2dx-master\Resources\physicsBody\PlayerGame3.plist">
      <Filter>Resources\physicsBody</Filter>
    </ClInclude>
    <ClInclude Include="E:\ProjectCocos2DX\TrainCocos2dx-master\Resources\physicsBody\RandomBoomExplosionGame1.plist">
      <Filter>Resources\physicsBody</Filter>
    </ClInclude>
    <ClInclude Include="E:\ProjectCocos2DX\TrainCocos2dx-master\Resources\physicsBody\SuicideBomberEnemy.plist">
      <Filter>Resources\physicsBody</Filter>
    </ClInclude>
    <ClInclude Include="E:\ProjectCocos2DX\TrainCocos2dx-master\Resources\physicsBody\UpgradeBulletItem.plist">
      <Filter>Resources\physicsBody</Filter>
    </ClInclude>
    <ClInclude Include="E:\ProjectCocos2DX\TrainCocos2dx-master\Resources\player.png">
      <Filter>Resources</Filter>
    </ClInclude>
    <ClInclude Include="E:\ProjectCocos2DX\TrainCocos2dx-master\Resources\res\.gitkeep">
      <Filter>Resources\res</Filter>
    </ClInclude>
  </ItemGroup>
  <ItemGroup>
    <CustomBuild Include="E:\ProjectCocos2DX\TrainCocos2dx-master\CMakeLists.txt" />
  </ItemGroup>
  <ItemGroup>
    <ResourceCompile Include="E:\ProjectCocos2DX\TrainCocos2dx-master\proj.win32\game.rc">
      <Filter>Source Files\proj.win32</Filter>
    </ResourceCompile>
  </ItemGroup>
  <ItemGroup>
    <Filter Include="Resources">
      <UniqueIdentifier>{87F90680-09F9-3E10-A5DE-AAD75D721323}</UniqueIdentifier>
    </Filter>
    <Filter Include="Resources\assets_game">
      <UniqueIdentifier>{B6E47752-B0E9-3968-9E22-6B29E1110238}</UniqueIdentifier>
    </Filter>
    <Filter Include="Resources\assets_game\UXUI">
      <UniqueIdentifier>{7392FDD5-9796-3EBB-956A-4154D1293E5D}</UniqueIdentifier>
    </Filter>
    <Filter Include="Resources\assets_game\UXUI\Background">
      <UniqueIdentifier>{4DDF1127-CB7D-370B-913A-5DF1473B89E7}</UniqueIdentifier>
    </Filter>
    <Filter Include="Resources\assets_game\UXUI\Buttons">
      <UniqueIdentifier>{480363AC-B001-31E7-BF85-6FB62BD32BCA}</UniqueIdentifier>
    </Filter>
    <Filter Include="Resources\assets_game\UXUI\Collection">
      <UniqueIdentifier>{D2EB26F2-66EE-3A46-91EB-FF035D9DA64A}</UniqueIdentifier>
    </Filter>
    <Filter Include="Resources\assets_game\UXUI\Collection\Scroll Bar">
      <UniqueIdentifier>{051A84D5-E746-3214-879B-40A33B6A8CD5}</UniqueIdentifier>
    </Filter>
    <Filter Include="Resources\assets_game\UXUI\Loading">
      <UniqueIdentifier>{337B7F78-BF2B-3C4D-A31F-1BCB43562926}</UniqueIdentifier>
    </Filter>
    <Filter Include="Resources\assets_game\UXUI\Main_Menu">
      <UniqueIdentifier>{E3FCAC9F-6980-3D14-A971-9816646616FB}</UniqueIdentifier>
    </Filter>
    <Filter Include="Resources\assets_game\UXUI\Panel">
      <UniqueIdentifier>{EDCEF6C4-4177-361C-9BEE-69B2042049E5}</UniqueIdentifier>
    </Filter>
    <Filter Include="Resources\assets_game\effects">
      <UniqueIdentifier>{03D87A75-0210-305B-B21A-7777065C24FE}</UniqueIdentifier>
    </Filter>
    <Filter Include="Resources\assets_game\enemies">
      <UniqueIdentifier>{28187487-1A1F-37A8-BC0E-A21B10A4C118}</UniqueIdentifier>
    </Filter>
    <Filter Include="Resources\assets_game\fx">
      <UniqueIdentifier>{F443BF28-9AD4-34A3-AADF-E7EC9CAAD966}</UniqueIdentifier>
    </Filter>
    <Filter Include="Resources\assets_game\gameplay">
      <UniqueIdentifier>{F4C436D2-3ED4-372D-BFE0-36C540AE66A0}</UniqueIdentifier>
    </Filter>
    <Filter Include="Resources\assets_game\gameplay\game2">
      <UniqueIdentifier>{74B922D0-6B23-3833-A8FB-94D3EEA471DE}</UniqueIdentifier>
    </Filter>
    <Filter Include="Resources\assets_game\items">
      <UniqueIdentifier>{9452F57C-B446-31BE-B8D0-1F0B6D4FDEC8}</UniqueIdentifier>
    </Filter>
    <Filter Include="Resources\assets_game\player">
      <UniqueIdentifier>{739D6DD7-7FED-39FA-9846-2F682CF17C68}</UniqueIdentifier>
    </Filter>
    <Filter Include="Resources\assets_game\sounds">
      <UniqueIdentifier>{FEBE40CC-57AC-39F6-BE3D-C75A3E632E80}</UniqueIdentifier>
    </Filter>
    <Filter Include="Resources\assets_game\sounds\Game1">
      <UniqueIdentifier>{8ACAEC73-A446-38DD-9F1D-D364AC65BDAF}</UniqueIdentifier>
    </Filter>
    <Filter Include="Resources\assets_game\sounds\Game2">
      <UniqueIdentifier>{B99C4502-CC5A-3BDF-AE0D-77A551D7A6E6}</UniqueIdentifier>
    </Filter>
    <Filter Include="Resources\assets_game\sounds\Game3">
      <UniqueIdentifier>{9B67E788-07CC-3E2D-82A1-352A9AF68450}</UniqueIdentifier>
    </Filter>
    <Filter Include="Resources\assets_game\sounds\Game3\Music">
      <UniqueIdentifier>{7A411A2B-ABF5-3EC2-90B2-7435B5887B6D}</UniqueIdentifier>
    </Filter>
    <Filter Include="Resources\assets_game\sounds\Game3\SFX">
      <UniqueIdentifier>{B6A8B6B4-EA8F-3FB9-B36A-4FBF4E9CE35D}</UniqueIdentifier>
    </Filter>
    <Filter Include="Resources\assets_game\sounds\UI">
      <UniqueIdentifier>{F6154FC7-6143-3055-9276-35EC9858EB72}</UniqueIdentifier>
    </Filter>
    <Filter Include="Resources\assets_game\textures">
      <UniqueIdentifier>{48720C61-25D8-3CC7-9D98-243489CBBAE5}</UniqueIdentifier>
    </Filter>
    <Filter Include="Resources\assets_game\textures\Cursor">
      <UniqueIdentifier>{2D696938-43C5-3B23-8EFB-23ED1354207B}</UniqueIdentifier>
    </Filter>
    <Filter Include="Resources\fonts">
      <UniqueIdentifier>{A1B1206D-89C8-305A-998C-DC5F2CB722DE}</UniqueIdentifier>
    </Filter>
    <Filter Include="Resources\json">
      <UniqueIdentifier>{C041888E-F2CD-3BB4-A94C-D08FA715B10B}</UniqueIdentifier>
    </Filter>
    <Filter Include="Resources\physicsBody">
      <UniqueIdentifier>{FC5F5FFF-A7BC-3A9D-BF69-5E429A207F59}</UniqueIdentifier>
    </Filter>
    <Filter Include="Resources\res">
      <UniqueIdentifier>{EFF88389-E053-3349-8BDD-F33D6D3F99FF}</UniqueIdentifier>
    </Filter>
    <Filter Include="Source Files">
      <UniqueIdentifier>{73A4644E-6FC6-310F-9B6C-0D8B9B89ED4C}</UniqueIdentifier>
    </Filter>
    <Filter Include="Source Files\Classes">
      <UniqueIdentifier>{1DB18056-FB51-32B1-998F-63F1F12A03D4}</UniqueIdentifier>
    </Filter>
    <Filter Include="Source Files\proj.win32">
      <UniqueIdentifier>{0EDF8689-EEC2-3D8C-AEE7-C96445C81393}</UniqueIdentifier>
    </Filter>
  </ItemGroup>
</Project>
