<?xml version="1.0" encoding="utf-8"?>
<Project ToolsVersion="4.0" xmlns="http://schemas.microsoft.com/developer/msbuild/2003">
  <ItemGroup>
    <Filter Include="win32">
      <UniqueIdentifier>{84a8ebd7-7cf0-47f6-b75e-d441df67da40}</UniqueIdentifier>
    </Filter>
    <Filter Include="resource">
      <UniqueIdentifier>{715254bc-d70b-4ec5-bf29-467dd3ace079}</UniqueIdentifier>
    </Filter>
    <Filter Include="src">
      <UniqueIdentifier>{bb6c862e-70e9-49d9-81b7-3829a6f50471}</UniqueIdentifier>
    </Filter>
    <Filter Include="src\Constants">
      <UniqueIdentifier>{b6ecde5c-bbce-4449-bf17-54d9eae09ce1}</UniqueIdentifier>
    </Filter>
    <Filter Include="src\Controller">
      <UniqueIdentifier>{135473d8-5e84-4f68-9176-7b824838a51f}</UniqueIdentifier>
    </Filter>
    <Filter Include="src\Enemy">
      <UniqueIdentifier>{53b321df-85de-457a-9568-df5754c75932}</UniqueIdentifier>
    </Filter>
    <Filter Include="src\Player">
      <UniqueIdentifier>{dbc8a0f4-d853-4635-94f6-194d202d36a4}</UniqueIdentifier>
    </Filter>
    <Filter Include="src\Scene">
      <UniqueIdentifier>{55db5daf-b5de-4a9e-982c-a455d94f2aeb}</UniqueIdentifier>
    </Filter>
    <Filter Include="src\utils">
      <UniqueIdentifier>{f6bc2651-ea34-4798-bfb7-b8ab73290b5e}</UniqueIdentifier>
    </Filter>
    <Filter Include="src\Bullet">
      <UniqueIdentifier>{6c30be57-c649-417d-a9b9-744e2cf7a5a5}</UniqueIdentifier>
    </Filter>
    <Filter Include="src\Items">
      <UniqueIdentifier>{f9310f16-26c7-4a8e-906f-f4861a892bff}</UniqueIdentifier>
    </Filter>
    <Filter Include="src\UXUI">
      <UniqueIdentifier>{ac4203b3-0586-4f6b-ba69-d8d6a4016278}</UniqueIdentifier>
    </Filter>
    <Filter Include="src\UXUI\Background">
      <UniqueIdentifier>{3e661f6c-f412-42af-9cf0-6438b5d93150}</UniqueIdentifier>
    </Filter>
    <Filter Include="src\UXUI\Panel">
      <UniqueIdentifier>{437cedd3-cb47-4d24-a179-ec323ff2e4bb}</UniqueIdentifier>
    </Filter>
    <Filter Include="src\PlayerHealth">
      <UniqueIdentifier>{b0209af1-01b7-487b-8044-544a741901eb}</UniqueIdentifier>
    </Filter>
    <Filter Include="src\Enemy\EnemyGame1">
      <UniqueIdentifier>{e912a495-fd84-4c69-8b7c-42f4d19ee22a}</UniqueIdentifier>
    </Filter>
    <Filter Include="src\Enemy\EnemyGame2">
      <UniqueIdentifier>{c537c4c3-5228-4afc-bd55-e634aa85b349}</UniqueIdentifier>
    </Filter>
    <Filter Include="src\Enemy\EnemyPool">
      <UniqueIdentifier>{6826cb3a-b701-4e35-b0e1-ba8cb0d02a6b}</UniqueIdentifier>
    </Filter>
    <Filter Include="src\Player\PlayerGame1">
      <UniqueIdentifier>{e9128f5a-d130-4f6f-8b73-0f59d7a825bc}</UniqueIdentifier>
    </Filter>
    <Filter Include="src\Player\PlayerGame2">
      <UniqueIdentifier>{7a0cbbf1-3080-47b3-8f8b-92badcc3ad05}</UniqueIdentifier>
    </Filter>
    <Filter Include="src\utils\Music">
      <UniqueIdentifier>{c946621e-369e-407b-8ca8-8f9b8387e750}</UniqueIdentifier>
    </Filter>
  </ItemGroup>
  <ItemGroup>
    <ClCompile Include="main.cpp">
      <Filter>win32</Filter>
    </ClCompile>
    <ClCompile Include="..\Classes\AppDelegate.cpp">
      <Filter>src</Filter>
    </ClCompile>
    <ClCompile Include="..\Classes\HelloWorldScene.cpp">
      <Filter>src</Filter>
    </ClCompile>
    <ClCompile Include="..\Classes\Game1\Game1Scene.cpp">
      <Filter>src\Scene</Filter>
    </ClCompile>
    <ClCompile Include="..\Classes\Game1\Background\Background.cpp">
      <Filter>src\UXUI\Background</Filter>
    </ClCompile>
    <ClCompile Include="..\Classes\Controller\GameController.cpp">
      <Filter>src\Controller</Filter>
    </ClCompile>
    <ClCompile Include="..\Classes\Constants\Constants.cpp">
      <Filter>src\Constants</Filter>
    </ClCompile>
    <ClCompile Include="..\Classes\Controller\SpriteController.cpp">
      <Filter>src\Controller</Filter>
    </ClCompile>
    <ClCompile Include="..\Classes\Game2\Game2Scene.cpp">
      <Filter>src\Scene</Filter>
    </ClCompile>
    <ClCompile Include="..\Classes\PlayerAttributes\PlayerAttributes.cpp">
      <Filter>src\Player</Filter>
    </ClCompile>
    <ClCompile Include="..\Classes\utils\MathFunction.cpp">
      <Filter>src\utils</Filter>
    </ClCompile>
    <ClCompile Include="..\Classes\Scene\LoadingScene.cpp">
      <Filter>src\Scene</Filter>
    </ClCompile>
    <ClCompile Include="..\Classes\Game1\Player\HealthPlayerGame1.cpp">
      <Filter>src\PlayerHealth</Filter>
    </ClCompile>
    <ClCompile Include="..\Classes\Controller\SceneController.cpp">
      <Filter>src\Controller</Filter>
    </ClCompile>
    <ClCompile Include="..\Classes\Game1\Items\CollectibleItem.cpp">
      <Filter>src\Items</Filter>
    </ClCompile>
    <ClCompile Include="..\Classes\Panel\GameOverPanel.cpp">
      <Filter>src\UXUI\Panel</Filter>
    </ClCompile>
    <ClCompile Include="..\Classes\Scene\MainMenuScene.cpp">
      <Filter>src\Scene</Filter>
    </ClCompile>
    <ClCompile Include="..\Classes\Button\PauseButton.cpp">
      <Filter>src\UXUI</Filter>
    </ClCompile>
    <ClCompile Include="..\Classes\Scene\BaseScene.cpp">
      <Filter>src\Scene</Filter>
    </ClCompile>
    <ClCompile Include="..\Classes\Panel\PausePanel.cpp">
      <Filter>src\UXUI\Panel</Filter>
    </ClCompile>
    <ClCompile Include="..\Classes\Panel\VictoryPanel.cpp">
      <Filter>src\UXUI\Panel</Filter>
    </ClCompile>
    <ClCompile Include="..\Classes\Game1\Items\HealthItem.cpp">
      <Filter>src\Items</Filter>
    </ClCompile>
    <ClCompile Include="..\Classes\Game1\Items\AmmoItem.cpp">
      <Filter>src\Items</Filter>
    </ClCompile>
    <ClCompile Include="..\Classes\Game1\Enemy\RandomBoom.cpp">
      <Filter>src\Enemy\EnemyGame1</Filter>
    </ClCompile>
    <ClCompile Include="..\Classes\Game1\Enemy\FlyingBullet.cpp">
      <Filter>src\Enemy\EnemyGame1</Filter>
    </ClCompile>
    <ClCompile Include="..\Classes\Game1\Enemy\FallingTree.cpp">
      <Filter>src\Enemy\EnemyGame1</Filter>
    </ClCompile>
    <ClCompile Include="..\Classes\Game1\Enemy\FallingRock.cpp">
      <Filter>src\Enemy\EnemyGame1</Filter>
    </ClCompile>
    <ClCompile Include="..\Classes\Game2\Enemy\MeleeEnemyGame2.cpp">
      <Filter>src\Enemy\EnemyGame2</Filter>
    </ClCompile>
    <ClCompile Include="..\Classes\Game2\Enemy\SniperEnemyGame2.cpp">
      <Filter>src\Enemy\EnemyGame2</Filter>
    </ClCompile>
    <ClCompile Include="..\Classes\Game1\Enemy\Enemy.cpp">
      <Filter>src\Enemy\EnemyPool</Filter>
    </ClCompile>
    <ClCompile Include="..\Classes\Game1\Enemy\EnemyFactory.cpp">
      <Filter>src\Enemy\EnemyPool</Filter>
    </ClCompile>
    <ClCompile Include="..\Classes\Game1\Enemy\EnemyPool.cpp">
      <Filter>src\Enemy\EnemyPool</Filter>
    </ClCompile>
    <ClCompile Include="..\Classes\Game1\Player\PlayerGame1.cpp">
      <Filter>src\Player\PlayerGame1</Filter>
    </ClCompile>
    <ClCompile Include="..\Classes\Game2\Player\PlayerGame2.cpp">
      <Filter>src\Player\PlayerGame2</Filter>
    </ClCompile>
    <ClCompile Include="..\Classes\Game2\Cursor\Cursor.cpp">
      <Filter>src\Player\PlayerGame2</Filter>
    </ClCompile>
    <ClCompile Include="..\Classes\Game3\Game3Scene.cpp">
      <Filter>src\Scene</Filter>
    </ClCompile>
    <ClCompile Include="..\Classes\Game3\Player\PlayerGame3.cpp">
      <Filter>src\Player</Filter>
    </ClCompile>
    <ClCompile Include="..\Classes\Game3\enemy\EnemyPlan3.cpp">
      <Filter>src\Enemy</Filter>
    </ClCompile>
    <ClCompile Include="..\Classes\Bullet\Bullet.cpp">
      <Filter>src\Bullet</Filter>
    </ClCompile>
    <ClCompile Include="..\Classes\Bullet\BulletPool.cpp">
      <Filter>src\Bullet</Filter>
    </ClCompile>
    <ClCompile Include="..\Classes\Bullet\BulletManager.cpp">
      <Filter>src\Bullet</Filter>
    </ClCompile>
    <ClCompile Include="..\Classes\Game3\Background\Background3.cpp" />
    <ClCompile Include="..\Classes\Controller\SoundController.cpp">
      <Filter>src\Controller</Filter>
    </ClCompile>
    <ClCompile Include="..\Classes\utils\MusicAnalyzer.cpp">
      <Filter>src\utils\Music</Filter>
    </ClCompile>
    <ClCompile Include="..\Classes\utils\MusicEvent.cpp">
      <Filter>src\utils\Music</Filter>
    </ClCompile>
    <ClCompile Include="..\Classes\utils\AudioUtils.cpp">
      <Filter>src\utils\Music</Filter>
    </ClCompile>
  </ItemGroup>
  <ItemGroup>
    <ClInclude Include="main.h">
      <Filter>win32</Filter>
    </ClInclude>
    <ClInclude Include="..\Classes\AppDelegate.h">
      <Filter>src</Filter>
    </ClInclude>
    <ClInclude Include="..\Classes\HelloWorldScene.h">
      <Filter>src</Filter>
    </ClInclude>
    <ClInclude Include="..\Classes\Game1\Game1Scene.h">
      <Filter>src\Scene</Filter>
    </ClInclude>
    <ClInclude Include="..\Classes\Game1\Background\Background.h">
      <Filter>src\UXUI\Background</Filter>
    </ClInclude>
    <ClInclude Include="..\Classes\Controller\GameController.h">
      <Filter>src\Controller</Filter>
    </ClInclude>
    <ClInclude Include="..\Classes\Constants\Constants.h">
      <Filter>src\Constants</Filter>
    </ClInclude>
    <ClInclude Include="..\Classes\Controller\SpriteController.h">
      <Filter>src\Controller</Filter>
    </ClInclude>
    <ClInclude Include="..\Classes\Game2\Game2Scene.h">
      <Filter>src\Scene</Filter>
    </ClInclude>
    <ClInclude Include="..\Classes\PlayerAttributes\PlayerAttributes.h">
      <Filter>src\Player</Filter>
    </ClInclude>
    <ClInclude Include="..\Classes\utils\MathFunction.h">
      <Filter>src\utils</Filter>
    </ClInclude>
    <ClInclude Include="..\Classes\Scene\LoadingScene.h">
      <Filter>src\Scene</Filter>
    </ClInclude>
    <ClInclude Include="..\Classes\Game1\Player\HealthPlayerGame1.h">
      <Filter>src\PlayerHealth</Filter>
    </ClInclude>
    <ClInclude Include="..\Classes\Controller\SceneController.h">
      <Filter>src\Controller</Filter>
    </ClInclude>
    <ClInclude Include="..\Classes\Game1\Items\CollectibleItem.h">
      <Filter>src\Items</Filter>
    </ClInclude>
    <ClInclude Include="..\Classes\Panel\GameOverPanel.h">
      <Filter>src\UXUI\Panel</Filter>
    </ClInclude>
    <ClInclude Include="..\Classes\Scene\MainMenuScene.h">
      <Filter>src\Scene</Filter>
    </ClInclude>
    <ClInclude Include="..\Classes\Button\PauseButton.h">
      <Filter>src\UXUI</Filter>
    </ClInclude>
    <ClInclude Include="..\Classes\Scene\BaseScene.h">
      <Filter>src\Scene</Filter>
    </ClInclude>
    <ClInclude Include="..\Classes\Panel\PausePanel.h">
      <Filter>src\UXUI\Panel</Filter>
    </ClInclude>
    <ClInclude Include="..\Classes\Panel\VictoryPanel.h">
      <Filter>src\UXUI\Panel</Filter>
    </ClInclude>
    <ClInclude Include="..\Classes\Game1\Items\AmmoItem.h">
      <Filter>src\Items</Filter>
    </ClInclude>
    <ClInclude Include="..\Classes\Game1\Items\HealthItem.h">
      <Filter>src\Items</Filter>
    </ClInclude>
    <ClInclude Include="..\Classes\Game1\Enemy\RandomBoom.h">
      <Filter>src\Enemy\EnemyGame1</Filter>
    </ClInclude>
    <ClInclude Include="..\Classes\Game1\Enemy\FlyingBullet.h">
      <Filter>src\Enemy\EnemyGame1</Filter>
    </ClInclude>
    <ClInclude Include="..\Classes\Game1\Enemy\FallingTree.h">
      <Filter>src\Enemy\EnemyGame1</Filter>
    </ClInclude>
    <ClInclude Include="..\Classes\Game1\Enemy\FallingRock.h">
      <Filter>src\Enemy\EnemyGame1</Filter>
    </ClInclude>
    <ClInclude Include="..\Classes\Game2\Enemy\SniperEnemyGame2.h">
      <Filter>src\Enemy\EnemyGame2</Filter>
    </ClInclude>
    <ClInclude Include="..\Classes\Game2\Enemy\MeleeEnemyGame2.h">
      <Filter>src\Enemy\EnemyGame2</Filter>
    </ClInclude>
    <ClInclude Include="..\Classes\Game1\Enemy\Enemy.h">
      <Filter>src\Enemy\EnemyPool</Filter>
    </ClInclude>
    <ClInclude Include="..\Classes\Game1\Enemy\EnemyFactory.h">
      <Filter>src\Enemy\EnemyPool</Filter>
    </ClInclude>
    <ClInclude Include="..\Classes\Game1\Enemy\EnemyPool.h">
      <Filter>src\Enemy\EnemyPool</Filter>
    </ClInclude>
    <ClInclude Include="..\Classes\Game1\Player\PlayerGame1.h">
      <Filter>src\Player\PlayerGame1</Filter>
    </ClInclude>
    <ClInclude Include="..\Classes\Game2\Player\PlayerGame2.h">
      <Filter>src\Player\PlayerGame2</Filter>
    </ClInclude>
    <ClInclude Include="..\Classes\Game2\Cursor\Cursor.h">
      <Filter>src\Player\PlayerGame2</Filter>
    </ClInclude>
    <ClInclude Include="..\Classes\Game3\Game3Scene.h">
      <Filter>src\Scene</Filter>
    </ClInclude>
    <ClInclude Include="..\Classes\Game3\Player\PlayerGame3.h">
      <Filter>src\Player</Filter>
    </ClInclude>
    <ClInclude Include="..\Classes\Game3\enemy\EnemyPlan3.h">
      <Filter>src\Enemy</Filter>
    </ClInclude>
    <ClInclude Include="..\Classes\Bullet\Bullet.h">
      <Filter>src\Bullet</Filter>
    </ClInclude>
    <ClInclude Include="..\Classes\Bullet\BulletPool.h">
      <Filter>src\Bullet</Filter>
    </ClInclude>
    <ClInclude Include="..\Classes\Bullet\BulletManager.h">
      <Filter>src\Bullet</Filter>
    </ClInclude>
    <ClInclude Include="..\Classes\Game3\Background\Background3.h" />
    <ClInclude Include="..\Classes\Controller\SoundController.h">
      <Filter>src\Controller</Filter>
    </ClInclude>
    <ClInclude Include="..\Classes\utils\MusicEvent.h">
      <Filter>src\utils\Music</Filter>
    </ClInclude>
    <ClInclude Include="..\Classes\utils\MusicAnalyzer.h">
      <Filter>src\utils\Music</Filter>
    </ClInclude>
    <ClInclude Include="..\Classes\utils\AudioUtils.h">
      <Filter>src\utils\Music</Filter>
    </ClInclude>
  </ItemGroup>
  <ItemGroup>
    <ResourceCompile Include="game.rc">
      <Filter>resource</Filter>
    </ResourceCompile>
  </ItemGroup>
</Project>